
Microsoft Visual Studio Solution File, Format Version 12.00
# Visual Studio Version 16
VisualStudioVersion = 16.0.30114.105
MinimumVisualStudioVersion = 10.0.40219.1
Project("{2150E333-8FDC-42A3-9474-1A3956D46DE8}") = "src", "src", "{F0EE215D-0399-43DC-90CA-77F883093C78}"
EndProject
Project("{FAE04EC0-301F-11D3-BF4B-00C04F79EFBC}") = "CommandAPI", "src\CommandAPI\CommandAPI.csproj", "{70E6E599-648F-4B85-A75E-EA3714C32FEB}"
EndProject
Project("{2150E333-8FDC-42A3-9474-1A3956D46DE8}") = "test", "test", "{DE826559-64AC-4B98-9B91-FA09691E031C}"
EndProject
Project("{FAE04EC0-301F-11D3-BF4B-00C04F79EFBC}") = "CommandAPI.Tests", "test\CommandAPI.Tests\CommandAPI.Tests.csproj", "{505D64F7-6ADC-4227-93B4-436A868FE9E5}"
EndProject
Global
	GlobalSection(SolutionConfigurationPlatforms) = preSolution
		Debug|Any CPU = Debug|Any CPU
		Release|Any CPU = Release|Any CPU
	EndGlobalSection
	GlobalSection(SolutionProperties) = preSolution
		HideSolutionNode = FALSE
	EndGlobalSection
	GlobalSection(ProjectConfigurationPlatforms) = postSolution
		{70E6E599-648F-4B85-A75E-EA3714C32FEB}.Debug|Any CPU.ActiveCfg = Debug|Any CPU
		{70E6E599-648F-4B85-A75E-EA3714C32FEB}.Debug|Any CPU.Build.0 = Debug|Any CPU
		{70E6E599-648F-4B85-A75E-EA3714C32FEB}.Release|Any CPU.ActiveCfg = Release|Any CPU
		{70E6E599-648F-4B85-A75E-EA3714C32FEB}.Release|Any CPU.Build.0 = Release|Any CPU
		{505D64F7-6ADC-4227-93B4-436A868FE9E5}.Debug|Any CPU.ActiveCfg = Debug|Any CPU
		{505D64F7-6ADC-4227-93B4-436A868FE9E5}.Debug|Any CPU.Build.0 = Debug|Any CPU
		{505D64F7-6ADC-4227-93B4-436A868FE9E5}.Release|Any CPU.ActiveCfg = Release|Any CPU
		{505D64F7-6ADC-4227-93B4-436A868FE9E5}.Release|Any CPU.Build.0 = Release|Any CPU
	EndGlobalSection
	GlobalSection(NestedProjects) = preSolution
		{70E6E599-648F-4B85-A75E-EA3714C32FEB} = {F0EE215D-0399-43DC-90CA-77F883093C78}
		{505D64F7-6ADC-4227-93B4-436A868FE9E5} = {DE826559-64AC-4B98-9B91-FA09691E031C}
	EndGlobalSection
EndGlobal
